// !$*UTF8*$!
{
	archiveVersion = 1;
	classes = {
	};
	objectVersion = 56;
	objects = {

/* Begin PBXBuildFile section */
		136BB0952DBFF07E00F0DD46 /* AppDelegate.swift in Sources */ = {isa = PBXBuildFile; fileRef = 136BB0942DBFF07E00F0DD46 /* AppDelegate.swift */; };
		136BB0972DBFF07E00F0DD46 /* SceneDelegate.swift in Sources */ = {isa = PBXBuildFile; fileRef = 136BB0962DBFF07E00F0DD46 /* SceneDelegate.swift */; };
		136BB0992DBFF07E00F0DD46 /* ViewController.swift in Sources */ = {isa = PBXBuildFile; fileRef = 136BB0982DBFF07E00F0DD46 /* ViewController.swift */; };
		136BB09C2DBFF07E00F0DD46 /* Base in Resources */ = {isa = PBXBuildFile; fileRef = 136BB09B2DBFF07E00F0DD46 /* Base */; };
		136BB09E2DBFF08000F0DD46 /* Assets.xcassets in Resources */ = {isa = PBXBuildFile; fileRef = 136BB09D2DBFF08000F0DD46 /* Assets.xcassets */; };
		136BB0A12DBFF08000F0DD46 /* Base in Resources */ = {isa = PBXBuildFile; fileRef = 136BB0A02DBFF08000F0DD46 /* Base */; };
/* End PBXBuildFile section */

/* Begin PBXFileReference section */
		136BB0912DBFF07E00F0DD46 /* IOS101-Pre-work-SreytouchLang(Jessica).app */ = {isa = PBXFileReference; explicitFileType = wrapper.application; includeInIndex = 0; path = "IOS101-Pre-work-SreytouchLang(Jessica).app"; sourceTree = BUILT_PRODUCTS_DIR; };
		136BB0942DBFF07E00F0DD46 /* AppDelegate.swift */ = {isa = PBXFileReference; lastKnownFileType = sourcecode.swift; path = AppDelegate.swift; sourceTree = "<group>"; };
		136BB0962DBFF07E00F0DD46 /* SceneDelegate.swift */ = {isa = PBXFileReference; lastKnownFileType = sourcecode.swift; path = SceneDelegate.swift; sourceTree = "<group>"; };
		136BB0982DBFF07E00F0DD46 /* ViewController.swift */ = {isa = PBXFileReference; lastKnownFileType = sourcecode.swift; path = ViewController.swift; sourceTree = "<group>"; };
		136BB09B2DBFF07E00F0DD46 /* Base */ = {isa = PBXFileReference; lastKnownFileType = file.storyboard; name = Base; path = Base.lproj/Main.storyboard; sourceTree = "<group>"; };
		136BB09D2DBFF08000F0DD46 /* Assets.xcassets */ = {isa = PBXFileReference; lastKnownFileType = folder.assetcatalog; path = Assets.xcassets; sourceTree = "<group>"; };
		136BB0A02DBFF08000F0DD46 /* Base */ = {isa = PBXFileReference; lastKnownFileType = file.storyboard; name = Base; path = Base.lproj/LaunchScreen.storyboard; sourceTree = "<group>"; };
		136BB0A22DBFF08000F0DD46 /* Info.plist */ = {isa = PBXFileReference; lastKnownFileType = text.plist.xml; path = Info.plist; sourceTree = "<group>"; };
/* End PBXFileReference section */

/* Begin PBXFrameworksBuildPhase section */
		136BB08E2DBFF07E00F0DD46 /* Frameworks */ = {
			isa = PBXFrameworksBuildPhase;
			buildActionMask = 2147483647;
			files = (
			);
			runOnlyForDeploymentPostprocessing = 0;
		};
/* End PBXFrameworksBuildPhase section */

/* Begin PBXGroup section */
		136BB0882DBFF07E00F0DD46 = {
			isa = PBXGroup;
			children = (
				136BB0932DBFF07E00F0DD46 /* IOS101-Pre-work-SreytouchLang(Jessica) */,
				136BB0922DBFF07E00F0DD46 /* Products */,
			);
			sourceTree = "<group>";
		};
		136BB0922DBFF07E00F0DD46 /* Products */ = {
			isa = PBXGroup;
			children = (
				136BB0912DBFF07E00F0DD46 /* IOS101-Pre-work-SreytouchLang(Jessica).app */,
			);
			name = Products;
			sourceTree = "<group>";
		};
		136BB0932DBFF07E00F0DD46 /* IOS101-Pre-work-SreytouchLang(Jessica) */ = {
			isa = PBXGroup;
			children = (
				136BB0942DBFF07E00F0DD46 /* AppDelegate.swift */,
				136BB0962DBFF07E00F0DD46 /* SceneDelegate.swift */,
				136BB0982DBFF07E00F0DD46 /* ViewController.swift */,
				136BB09A2DBFF07E00F0DD46 /* Main.storyboard */,
				136BB09D2DBFF08000F0DD46 /* Assets.xcassets */,
				136BB09F2DBFF08000F0DD46 /* LaunchScreen.storyboard */,
				136BB0A22DBFF08000F0DD46 /* Info.plist */,
			);
			path = "IOS101-Pre-work-SreytouchLang(Jessica)";
			sourceTree = "<group>";
		};
/* End PBXGroup section */

/* Begin PBXNativeTarget section */
		136BB0902DBFF07E00F0DD46 /* IOS101-Pre-work-SreytouchLang(Jessica) */ = {
			isa = PBXNativeTarget;
			buildConfigurationList = 136BB0A52DBFF08000F0DD46 /* Build configuration list for PBXNativeTarget "IOS101-Pre-work-SreytouchLang(Jessica)" */;
			buildPhases = (
				136BB08D2DBFF07E00F0DD46 /* Sources */,
				136BB08E2DBFF07E00F0DD46 /* Frameworks */,
				136BB08F2DBFF07E00F0DD46 /* Resources */,
			);
			buildRules = (
			);
			dependencies = (
			);
			name = "IOS101-Pre-work-SreytouchLang(Jessica)";
			productName = "IOS101-Pre-work-SreytouchLang(Jessica)";
			productReference = 136BB0912DBFF07E00F0DD46 /* IOS101-Pre-work-SreytouchLang(Jessica).app */;
			productType = "com.apple.product-type.application";
		};
/* End PBXNativeTarget section */

/* Begin PBXProject section */
		136BB0892DBFF07E00F0DD46 /* Project object */ = {
			isa = PBXProject;
			attributes = {
				BuildIndependentTargetsInParallel = 1;
				LastSwiftUpdateCheck = 1540;
				LastUpgradeCheck = 1540;
				TargetAttributes = {
					136BB0902DBFF07E00F0DD46 = {
						CreatedOnToolsVersion = 15.4;
					};
				};
			};
			buildConfigurationList = 136BB08C2DBFF07E00F0DD46 /* Build configuration list for PBXProject "IOS101-Pre-work-SreytouchLang(Jessica)" */;
			compatibilityVersion = "Xcode 14.0";
			developmentRegion = en;
			hasScannedForEncodings = 0;
			knownRegions = (
				en,
				Base,
			);
			mainGroup = 136BB0882DBFF07E00F0DD46;
			productRefGroup = 136BB0922DBFF07E00F0DD46 /* Products */;
			projectDirPath = "";
			projectRoot = "";
			targets = (
				136BB0902DBFF07E00F0DD46 /* IOS101-Pre-work-SreytouchLang(Jessica) */,
			);
		};
/* End PBXProject section */

/* Begin PBXResourcesBuildPhase section */
		136BB08F2DBFF07E00F0DD46 /* Resources */ = {
			isa = PBXResourcesBuildPhase;
			buildActionMask = 2147483647;
			files = (
				136BB09E2DBFF08000F0DD46 /* Assets.xcassets in Resources */,
				136BB0A12DBFF08000F0DD46 /* Base in Resources */,
				136BB09C2DBFF07E00F0DD46 /* Base in Resources */,
			);
			runOnlyForDeploymentPostprocessing = 0;
		};
/* End PBXResourcesBuildPhase section */

/* Begin PBXSourcesBuildPhase section */
		136BB08D2DBFF07E00F0DD46 /* Sources */ = {
			isa = PBXSourcesBuildPhase;
			buildActionMask = 2147483647;
			files = (
				136BB0992DBFF07E00F0DD46 /* ViewController.swift in Sources */,
				136BB0952DBFF07E00F0DD46 /* AppDelegate.swift in Sources */,
				136BB0972DBFF07E00F0DD46 /* SceneDelegate.swift in Sources */,
			);
			runOnlyForDeploymentPostprocessing = 0;
		};
/* End PBXSourcesBuildPhase section */

/* Begin PBXVariantGroup section */
		136BB09A2DBFF07E00F0DD46 /* Main.storyboard */ = {
			isa = PBXVariantGroup;
			children = (
				136BB09B2DBFF07E00F0DD46 /* Base */,
			);
			name = Main.storyboard;
			sourceTree = "<group>";
		};
		136BB09F2DBFF08000F0DD46 /* LaunchScreen.storyboard */ = {
			isa = PBXVariantGroup;
			children = (
				136BB0A02DBFF08000F0DD46 /* Base */,
			);
			name = LaunchScreen.storyboard;
			sourceTree = "<group>";
		};
/* End PBXVariantGroup section */

/* Begin XCBuildConfiguration section */
		136BB0A32DBFF08000F0DD46 /* Debug */ = {
			isa = XCBuildConfiguration;
			buildSettings = {
				ALWAYS_SEARCH_USER_PATHS = NO;
				ASSETCATALOG_COMPILER_GENERATE_SWIFT_ASSET_SYMBOL_EXTENSIONS = YES;
				CLANG_ANALYZER_NONNULL = YES;
				CLANG_ANALYZER_NUMBER_OBJECT_CONVERSION = YES_AGGRESSIVE;
				CLANG_CXX_LANGUAGE_STANDARD = "gnu++20";
				CLANG_ENABLE_MODULES = YES;
				CLANG_ENABLE_OBJC_ARC = YES;
				CLANG_ENABLE_OBJC_WEAK = YES;
				CLANG_WARN_BLOCK_CAPTURE_AUTORELEASING = YES;
				CLANG_WARN_BOOL_CONVERSION = YES;
				CLANG_WARN_COMMA = YES;
				CLANG_WARN_CONSTANT_CONVERSION = YES;
				CLANG_WARN_DEPRECATED_OBJC_IMPLEMENTATIONS = YES;
				CLANG_WARN_DIRECT_OBJC_ISA_USAGE = YES_ERROR;
				CLANG_WARN_DOCUMENTATION_COMMENTS = YES;
				CLANG_WARN_EMPTY_BODY = YES;
				CLANG_WARN_ENUM_CONVERSION = YES;
				CLANG_WARN_INFINITE_RECURSION = YES;
				CLANG_WARN_INT_CONVERSION = YES;
				CLANG_WARN_NON_LITERAL_NULL_CONVERSION = YES;
				CLANG_WARN_OBJC_IMPLICIT_RETAIN_SELF = YES;
				CLANG_WARN_OBJC_LITERAL_CONVERSION = YES;
				CLANG_WARN_OBJC_ROOT_CLASS = YES_ERROR;
				CLANG_WARN_QUOTED_INCLUDE_IN_FRAMEWORK_HEADER = YES;
				CLANG_WARN_RANGE_LOOP_ANALYSIS = YES;
				CLANG_WARN_STRICT_PROTOTYPES = YES;
				CLANG_WARN_SUSPICIOUS_MOVE = YES;
				CLANG_WARN_UNGUARDED_AVAILABILITY = YES_AGGRESSIVE;
				CLANG_WARN_UNREACHABLE_CODE = YES;
				CLANG_WARN__DUPLICATE_METHOD_MATCH = YES;
				COPY_PHASE_STRIP = NO;
				DEBUG_INFORMATION_FORMAT = dwarf;
				ENABLE_STRICT_OBJC_MSGSEND = YES;
				ENABLE_TESTABILITY = YES;
				ENABLE_USER_SCRIPT_SANDBOXING = YES;
				GCC_C_LANGUAGE_STANDARD = gnu17;
				GCC_DYNAMIC_NO_PIC = NO;
				GCC_NO_COMMON_BLOCKS = YES;
				GCC_OPTIMIZATION_LEVEL = 0;
				GCC_PREPROCESSOR_DEFINITIONS = (
					"DEBUG=1",
					"$(inherited)",
				);
				GCC_WARN_64_TO_32_BIT_CONVERSION = YES;
				GCC_WARN_ABOUT_RETURN_TYPE = YES_ERROR;
				GCC_WARN_UNDECLARED_SELECTOR = YES;
				GCC_WARN_UNINITIALIZED_AUTOS = YES_AGGRESSIVE;
				GCC_WARN_UNUSED_FUNCTION = YES;
				GCC_WARN_UNUSED_VARIABLE = YES;
				IPHONEOS_DEPLOYMENT_TARGET = 17.5;
				LOCALIZATION_PREFERS_STRING_CATALOGS = YES;
				MTL_ENABLE_DEBUG_INFO = INCLUDE_SOURCE;
				MTL_FAST_MATH = YES;
				ONLY_ACTIVE_ARCH = YES;
				SDKROOT = iphoneos;
				SWIFT_ACTIVE_COMPILATION_CONDITIONS = "DEBUG $(inherited)";
				SWIFT_OPTIMIZATION_LEVEL = "-Onone";
			};
			name = Debug;
		};
		136BB0A42DBFF08000F0DD46 /* Release */ = {
			isa = XCBuildConfiguration;
			buildSettings = {
				ALWAYS_SEARCH_USER_PATHS = NO;
				ASSETCATALOG_COMPILER_GENERATE_SWIFT_ASSET_SYMBOL_EXTENSIONS = YES;
				CLANG_ANALYZER_NONNULL = YES;
				CLANG_ANALYZER_NUMBER_OBJECT_CONVERSION = YES_AGGRESSIVE;
				CLANG_CXX_LANGUAGE_STANDARD = "gnu++20";
				CLANG_ENABLE_MODULES = YES;
				CLANG_ENABLE_OBJC_ARC = YES;
				CLANG_ENABLE_OBJC_WEAK = YES;
				CLANG_WARN_BLOCK_CAPTURE_AUTORELEASING = YES;
				CLANG_WARN_BOOL_CONVERSION = YES;
				CLANG_WARN_COMMA = YES;
				CLANG_WARN_CONSTANT_CONVERSION = YES;
				CLANG_WARN_DEPRECATED_OBJC_IMPLEMENTATIONS = YES;
				CLANG_WARN_DIRECT_OBJC_ISA_USAGE = YES_ERROR;
				CLANG_WARN_DOCUMENTATION_COMMENTS = YES;
				CLANG_WARN_EMPTY_BODY = YES;
				CLANG_WARN_ENUM_CONVERSION = YES;
				CLANG_WARN_INFINITE_RECURSION = YES;
				CLANG_WARN_INT_CONVERSION = YES;
				CLANG_WARN_NON_LITERAL_NULL_CONVERSION = YES;
				CLANG_WARN_OBJC_IMPLICIT_RETAIN_SELF = YES;
				CLANG_WARN_OBJC_LITERAL_CONVERSION = YES;
				CLANG_WARN_OBJC_ROOT_CLASS = YES_ERROR;
				CLANG_WARN_QUOTED_INCLUDE_IN_FRAMEWORK_HEADER = YES;
				CLANG_WARN_RANGE_LOOP_ANALYSIS = YES;
				CLANG_WARN_STRICT_PROTOTYPES = YES;
				CLANG_WARN_SUSPICIOUS_MOVE = YES;
				CLANG_WARN_UNGUARDED_AVAILABILITY = YES_AGGRESSIVE;
				CLANG_WARN_UNREACHABLE_CODE = YES;
				CLANG_WARN__DUPLICATE_METHOD_MATCH = YES;
				COPY_PHASE_STRIP = NO;
				DEBUG_INFORMATION_FORMAT = "dwarf-with-dsym";
				ENABLE_NS_ASSERTIONS = NO;
				ENABLE_STRICT_OBJC_MSGSEND = YES;
				ENABLE_USER_SCRIPT_SANDBOXING = YES;
				GCC_C_LANGUAGE_STANDARD = gnu17;
				GCC_NO_COMMON_BLOCKS = YES;
				GCC_WARN_64_TO_32_BIT_CONVERSION = YES;
				GCC_WARN_ABOUT_RETURN_TYPE = YES_ERROR;
				GCC_WARN_UNDECLARED_SELECTOR = YES;
				GCC_WARN_UNINITIALIZED_AUTOS = YES_AGGRESSIVE;
				GCC_WARN_UNUSED_FUNCTION = YES;
				GCC_WARN_UNUSED_VARIABLE = YES;
				IPHONEOS_DEPLOYMENT_TARGET = 17.5;
				LOCALIZATION_PREFERS_STRING_CATALOGS = YES;
				MTL_ENABLE_DEBUG_INFO = NO;
				MTL_FAST_MATH = YES;
				SDKROOT = iphoneos;
				SWIFT_COMPILATION_MODE = wholemodule;
				VALIDATE_PRODUCT = YES;
			};
			name = Release;
		};
		136BB0A62DBFF08000F0DD46 /* Debug */ = {
			isa = XCBuildConfiguration;
			buildSettings = {
				ASSETCATALOG_COMPILER_APPICON_NAME = AppIcon;
				ASSETCATALOG_COMPILER_GLOBAL_ACCENT_COLOR_NAME = AccentColor;
				CODE_SIGN_STYLE = Automatic;
				CURRENT_PROJECT_VERSION = 1;
				DEVELOPMENT_TEAM = 47HKA2LGH7;
				GENERATE_INFOPLIST_FILE = YES;
				INFOPLIST_FILE = "IOS101-Pre-work-SreytouchLang(Jessica)/Info.plist";
				INFOPLIST_KEY_UIApplicationSupportsIndirectInputEvents = YES;
				INFOPLIST_KEY_UILaunchStoryboardName = LaunchScreen;
				INFOPLIST_KEY_UIMainStoryboardFile = Main;
				INFOPLIST_KEY_UISupportedInterfaceOrientations_iPad = "UIInterfaceOrientationPortrait UIInterfaceOrientationPortraitUpsideDown UIInterfaceOrientationLandscapeLeft UIInterfaceOrientationLandscapeRight";
				INFOPLIST_KEY_UISupportedInterfaceOrientations_iPhone = "UIInterfaceOrientationPortrait UIInterfaceOrientationLandscapeLeft UIInterfaceOrientationLandscapeRight";
				LD_RUNPATH_SEARCH_PATHS = (
					"$(inherited)",
					"@executable_path/Frameworks",
				);
				MARKETING_VERSION = 1.0;
				PRODUCT_BUNDLE_IDENTIFIER = "com.codepalace.IOS101-Pre-work-SreytouchLang-Jessica-";
				PRODUCT_NAME = "$(TARGET_NAME)";
				SWIFT_EMIT_LOC_STRINGS = YES;
				SWIFT_VERSION = 5.0;
				TARGETED_DEVICE_FAMILY = "1,2";
			};
			name = Debug;
		};
		136BB0A72DBFF08000F0DD46 /* Release */ = {
			isa = XCBuildConfiguration;
			buildSettings = {
				ASSETCATALOG_COMPILER_APPICON_NAME = AppIcon;
				ASSETCATALOG_COMPILER_GLOBAL_ACCENT_COLOR_NAME = AccentColor;
				CODE_SIGN_STYLE = Automatic;
				CURRENT_PROJECT_VERSION = 1;
				DEVELOPMENT_TEAM = 47HKA2LGH7;
				GENERATE_INFOPLIST_FILE = YES;
				INFOPLIST_FILE = "IOS101-Pre-work-SreytouchLang(Jessica)/Info.plist";
				INFOPLIST_KEY_UIApplicationSupportsIndirectInputEvents = YES;
				INFOPLIST_KEY_UILaunchStoryboardName = LaunchScreen;
				INFOPLIST_KEY_UIMainStoryboardFile = Main;
				INFOPLIST_KEY_UISupportedInterfaceOrientations_iPad = "UIInterfaceOrientationPortrait UIInterfaceOrientationPortraitUpsideDown UIInterfaceOrientationLandscapeLeft UIInterfaceOrientationLandscapeRight";
				INFOPLIST_KEY_UISupportedInterfaceOrientations_iPhone = "UIInterfaceOrientationPortrait UIInterfaceOrientationLandscapeLeft UIInterfaceOrientationLandscapeRight";
				LD_RUNPATH_SEARCH_PATHS = (
					"$(inherited)",
					"@executable_path/Frameworks",
				);
				MARKETING_VERSION = 1.0;
				PRODUCT_BUNDLE_IDENTIFIER = "com.codepalace.IOS101-Pre-work-SreytouchLang-Jessica-";
				PRODUCT_NAME = "$(TARGET_NAME)";
				SWIFT_EMIT_LOC_STRINGS = YES;
				SWIFT_VERSION = 5.0;
				TARGETED_DEVICE_FAMILY = "1,2";
			};
			name = Release;
		};
/* End XCBuildConfiguration section */

/* Begin XCConfigurationList section */
		136BB08C2DBFF07E00F0DD46 /* Build configuration list for PBXProject "IOS101-Pre-work-SreytouchLang(Jessica)" */ = {
			isa = XCConfigurationList;
			buildConfigurations = (
				136BB0A32DBFF08000F0DD46 /* Debug */,
				136BB0A42DBFF08000F0DD46 /* Release */,
			);
			defaultConfigurationIsVisible = 0;
			defaultConfigurationName = Release;
		};
		136BB0A52DBFF08000F0DD46 /* Build configuration list for PBXNativeTarget "IOS101-Pre-work-SreytouchLang(Jessica)" */ = {
			isa = XCConfigurationList;
			buildConfigurations = (
				136BB0A62DBFF08000F0DD46 /* Debug */,
				136BB0A72DBFF08000F0DD46 /* Release */,
			);
			defaultConfigurationIsVisible = 0;
			defaultConfigurationName = Release;
		};
/* End XCConfigurationList section */
	};
	rootObject = 136BB0892DBFF07E00F0DD46 /* Project object */;
}
